{
  "requires": true,
  "lockfileVersion": 1,
  "dependencies": {
    "@types/lokijs": {
      "version": "1.5.0",
      "resolved": "https://registry.npmjs.org/@types/lokijs/-/lokijs-1.5.0.tgz",
      "integrity": "sha512-ROb2rGRWF5XnFrzpHASWW8MNnxsnp5cxRCk5P9/TQ0dQtuk2SZqfSU4m4WtBFNQNMg51KJMlVdIZRyqNRvxn4w==",
      "dev": true
    },
    "lokijs": {
      "version": "1.5.1",
      "resolved": "https://registry.npmjs.org/lokijs/-/lokijs-1.5.1.tgz",
      "integrity": "sha512-Pj67gdP6CxUPV7AXM/VAnUZNyKR6mx4JxNmZfVG7XeebBZyrd8iLcKxKutc6Z5akJlMb0EeCxPW8/YkCPiMQbw=="
    }
  }
}
